
Microsoft Visual Studio Solution File, Format Version 12.00
# Visual Studio Version 16
VisualStudioVersion = 16.0.29209.62
MinimumVisualStudioVersion = 10.0.40219.1
Project("{FAE04EC0-301F-11D3-BF4B-00C04F79EFBC}") = "PrjSecao17", "PrjSecao17\PrjSecao17.csproj", "{F360D535-6251-49B0-8EE8-6BAB9303EE0C}"
EndProject
Global
	GlobalSection(SolutionConfigurationPlatforms) = preSolution
		Debug|Any CPU = Debug|Any CPU
		Release|Any CPU = Release|Any CPU
	EndGlobalSection
	GlobalSection(ProjectConfigurationPlatforms) = postSolution
		{F360D535-6251-49B0-8EE8-6BAB9303EE0C}.Debug|Any CPU.ActiveCfg = Debug|Any CPU
		{F360D535-6251-49B0-8EE8-6BAB9303EE0C}.Debug|Any CPU.Build.0 = Debug|Any CPU
		{F360D535-6251-49B0-8EE8-6BAB9303EE0C}.Release|Any CPU.ActiveCfg = Release|Any CPU
		{F360D535-6251-49B0-8EE8-6BAB9303EE0C}.Release|Any CPU.Build.0 = Release|Any CPU
	EndGlobalSection
	GlobalSection(SolutionProperties) = preSolution
		HideSolutionNode = FALSE
	EndGlobalSection
	GlobalSection(ExtensibilityGlobals) = postSolution
		SolutionGuid = {DA9EBE45-1859-4116-BE9C-276495456040}
	EndGlobalSection
EndGlobal
